# This file was autogenerated by Stack.
# You should not edit this file by hand.
# For more information, please see the documentation at:
#   https://docs.haskellstack.org/en/stable/lock_files

packages:
- completed:
    hackage: project-m36-1.1.1@sha256:133af41c8aa1af55aa7a768da3b34f98cfed813247e5d8ca6a0596d87ac699b3,36405
    pantry-tree:
      sha256: 6f55e1d011abf0d925b99384f296c4317c8206c537954bd9399a5cc24de2aea5
      size: 14135
  original:
    hackage: project-m36-1.1.1
- completed:
    hackage: curryer-rpc-0.4.0@sha256:a270cbb8f7b29fb580e4a798350bf6d4c42b5b553b27b182589b42be74e9c6d3,2906
    pantry-tree:
      sha256: b2586f799f73084bcbe6588eda47afb76a9782e5e3279e963bf7349f743eedbb
      size: 734
  original:
    hackage: curryer-rpc-0.4.0@sha256:a270cbb8f7b29fb580e4a798350bf6d4c42b5b553b27b182589b42be74e9c6d3,2906
- completed:
    hackage: fast-builder-0.1.5.0@sha256:09e06fc66a7b664bb1e8fbfa56d067874ce6a447612fe08f5cf48243bdbecfae,2807
    pantry-tree:
      sha256: e1d55a68a91fd7afd8fadcb1c28ef518e47feab25bdb3f9a9c8eddc12c1a3639
      size: 986
  original:
    hackage: fast-builder-0.1.5.0@sha256:09e06fc66a7b664bb1e8fbfa56d067874ce6a447612fe08f5cf48243bdbecfae,2807
- completed:
    hackage: rset-1.0.0@sha256:5a66770d08ddf10f7ab3aeddd03bafe5859daa403df939f1332ae30267e74939,1643
    pantry-tree:
      sha256: 3bb4cf0b5df0c591934ea0f426479749cab8da61db7d6b3c8cceb9d075b83038
      size: 741
  original:
    hackage: rset-1.0.0@sha256:5a66770d08ddf10f7ab3aeddd03bafe5859daa403df939f1332ae30267e74939,1643
- completed:
    hackage: scotty-0.22@sha256:b3c799b3c4896176342062c1140c290ffb9a8d81e6da2ea3e12f7a83cbda78d4,6013
    pantry-tree:
      sha256: ec781405d9d771ad8e0b0d6f350b4c4296104665668fc7263ba36839f674d835
      size: 2138
  original:
    hackage: scotty-0.22@sha256:b3c799b3c4896176342062c1140c290ffb9a8d81e6da2ea3e12f7a83cbda78d4,6013
- completed:
    hackage: winery-1.5@sha256:811e149601920f4b3fd356c9b854e33e78691b17d18bb74551cbab5c1bf2a002,2928
    pantry-tree:
      sha256: 096460bf61a8f08d936a3a0c0c12261524010dae0082ad8cc0c61d7beb508f69
      size: 1047
  original:
    hackage: winery-1.5@sha256:811e149601920f4b3fd356c9b854e33e78691b17d18bb74551cbab5c1bf2a002,2928
- completed:
    hackage: barbies-th-0.1.11@sha256:df9648ae23b2a97f7766fae2ca923b7554b53775925ba15fbcb062cc837e1040,1660
    pantry-tree:
      sha256: 34c01c9fb405d5e10849a73c82d2a8706156d5ba5120d9f28747b8b92a2e825b
      size: 657
  original:
    hackage: barbies-th-0.1.11@sha256:df9648ae23b2a97f7766fae2ca923b7554b53775925ba15fbcb062cc837e1040,1660
- completed:
    hackage: streamly-bytestring-0.2.2@sha256:dd498a4e416c60ba4271e7e72269ec5123d895dd0dd6fd93dbabc7a7e6103d98,2576
    pantry-tree:
      sha256: cec87f3988525238e3b681614e9ba7a4ac2f834bb34959a0a001c758bc653c12
      size: 532
  original:
    hackage: streamly-bytestring-0.2.2@sha256:dd498a4e416c60ba4271e7e72269ec5123d895dd0dd6fd93dbabc7a7e6103d98,2576
snapshots:
- completed:
    sha256: 08bd13ce621b41a8f5e51456b38d5b46d7783ce114a50ab604d6bbab0d002146
    size: 720271
    url: https://raw.githubusercontent.com/commercialhaskell/stackage-snapshots/master/lts/22/43.yaml
  original: lts-22.43
